Microsoft Visual Studio Solution File, Format Version 11.00
# Visual Studio 2008

Project("{E2BE7F6E-82FB-A41D-C98D-3F7FFA2261D2}") = "term_project", "Assembly-CSharp-firstpass.csproj", "{A7D9333C-FF7D-47E6-6F96-A16DB19CCDD6}"
EndProject
Project("{E2BE7F6E-82FB-A41D-C98D-3F7FFA2261D2}") = "term_project", "Assembly-CSharp-Editor.csproj", "{80E4C85F-FF99-D34B-9C2A-FA2BC2C59718}"
EndProject
Project("{E2BE7F6E-82FB-A41D-C98D-3F7FFA2261D2}") = "term_project", "Assembly-UnityScript-firstpass.unityproj", "{95320A2C-6666-626A-14E6-57AA9AC38A83}"
EndProject
Project("{E2BE7F6E-82FB-A41D-C98D-3F7FFA2261D2}") = "term_project", "Assembly-UnityScript.unityproj", "{336FFCB8-903A-EF11-9853-970ED56B47B0}"
EndProject
Global
	GlobalSection(SolutionConfigurationPlatforms) = preSolution
		Debug|Any CPU = Debug|Any CPU
		Release|Any CPU = Release|Any CPU
	EndGlobalSection
	GlobalSection(ProjectConfigurationPlatforms) = postSolution
		{A7D9333C-FF7D-47E6-6F96-A16DB19CCDD6}.Debug|Any CPU.ActiveCfg = Debug|Any CPU
		{A7D9333C-FF7D-47E6-6F96-A16DB19CCDD6}.Debug|Any CPU.Build.0 = Debug|Any CPU
		{A7D9333C-FF7D-47E6-6F96-A16DB19CCDD6}.Release|Any CPU.ActiveCfg = Release|Any CPU
		{A7D9333C-FF7D-47E6-6F96-A16DB19CCDD6}.Release|Any CPU.Build.0 = Release|Any CPU
		{80E4C85F-FF99-D34B-9C2A-FA2BC2C59718}.Debug|Any CPU.ActiveCfg = Debug|Any CPU
		{80E4C85F-FF99-D34B-9C2A-FA2BC2C59718}.Debug|Any CPU.Build.0 = Debug|Any CPU
		{80E4C85F-FF99-D34B-9C2A-FA2BC2C59718}.Release|Any CPU.ActiveCfg = Release|Any CPU
		{80E4C85F-FF99-D34B-9C2A-FA2BC2C59718}.Release|Any CPU.Build.0 = Release|Any CPU
		{95320A2C-6666-626A-14E6-57AA9AC38A83}.Debug|Any CPU.ActiveCfg = Debug|Any CPU
		{95320A2C-6666-626A-14E6-57AA9AC38A83}.Debug|Any CPU.Build.0 = Debug|Any CPU
		{95320A2C-6666-626A-14E6-57AA9AC38A83}.Release|Any CPU.ActiveCfg = Release|Any CPU
		{95320A2C-6666-626A-14E6-57AA9AC38A83}.Release|Any CPU.Build.0 = Release|Any CPU
		{336FFCB8-903A-EF11-9853-970ED56B47B0}.Debug|Any CPU.ActiveCfg = Debug|Any CPU
		{336FFCB8-903A-EF11-9853-970ED56B47B0}.Debug|Any CPU.Build.0 = Debug|Any CPU
		{336FFCB8-903A-EF11-9853-970ED56B47B0}.Release|Any CPU.ActiveCfg = Release|Any CPU
		{336FFCB8-903A-EF11-9853-970ED56B47B0}.Release|Any CPU.Build.0 = Release|Any CPU
	EndGlobalSection
	GlobalSection(SolutionProperties) = preSolution
		HideSolutionNode = FALSE
	EndGlobalSection
																																						GlobalSection(MonoDevelopProperties) = preSolution
		StartupItem = Assembly-CSharp.csproj
		Policies = $0
		$0.TextStylePolicy = $1
		$1.inheritsSet = null
		$1.scope = text/x-csharp
		$0.CSharpFormattingPolicy = $2
		$2.inheritsSet = Mono
		$2.inheritsScope = text/x-csharp
		$2.scope = text/x-csharp
		$0.TextStylePolicy = $3
		$3.FileWidth = 120
		$3.TabWidth = 4
		$3.EolMarker = Unix
		$3.inheritsSet = Mono
		$3.inheritsScope = text/plain
		$3.scope = text/plain
	EndGlobalSection

EndGlobal
